// !$*UTF8*$!
{
	archiveVersion = 1;
	classes = {
	};
	objectVersion = 77;
	objects = {

/* Begin PBXBuildFile section */
		4F8936062D956DA600E2B811 /* Virtualization.framework in Frameworks */ = {isa = PBXBuildFile; fileRef = 4F8936052D956DA600E2B811 /* Virtualization.framework */; };
/* End PBXBuildFile section */

/* Begin PBXContainerItemProxy section */
		4F8935E82D956D5100E2B811 /* PBXContainerItemProxy */ = {
			isa = PBXContainerItemProxy;
			containerPortal = 4F8935CE2D956D5000E2B811 /* Project object */;
			proxyType = 1;
			remoteGlobalIDString = 4F8935D52D956D5000E2B811;
			remoteInfo = Machman;
		};
		4F8935F22D956D5100E2B811 /* PBXContainerItemProxy */ = {
			isa = PBXContainerItemProxy;
			containerPortal = 4F8935CE2D956D5000E2B811 /* Project object */;
			proxyType = 1;
			remoteGlobalIDString = 4F8935D52D956D5000E2B811;
			remoteInfo = Machman;
		};
/* End PBXContainerItemProxy section */

/* Begin PBXFileReference section */
		4F8935D62D956D5000E2B811 /* Machman.app */ = {isa = PBXFileReference; explicitFileType = wrapper.application; includeInIndex = 0; path = Machman.app; sourceTree = BUILT_PRODUCTS_DIR; };
		4F8935E72D956D5100E2B811 /* MachmanTests.xctest */ = {isa = PBXFileReference; explicitFileType = wrapper.cfbundle; includeInIndex = 0; path = MachmanTests.xctest; sourceTree = BUILT_PRODUCTS_DIR; };
		4F8935F12D956D5100E2B811 /* MachmanUITests.xctest */ = {isa = PBXFileReference; explicitFileType = wrapper.cfbundle; includeInIndex = 0; path = MachmanUITests.xctest; sourceTree = BUILT_PRODUCTS_DIR; };
		4F8936052D956DA600E2B811 /* Virtualization.framework */ = {isa = PBXFileReference; lastKnownFileType = wrapper.framework; name = Virtualization.framework; path = System/Library/Frameworks/Virtualization.framework; sourceTree = SDKROOT; };
/* End PBXFileReference section */

/* Begin PBXFileSystemSynchronizedRootGroup section */
		4F8935D82D956D5000E2B811 /* Machman */ = {
			isa = PBXFileSystemSynchronizedRootGroup;
			path = Machman;
			sourceTree = "<group>";
		};
		4F8935EA2D956D5100E2B811 /* MachmanTests */ = {
			isa = PBXFileSystemSynchronizedRootGroup;
			path = MachmanTests;
			sourceTree = "<group>";
		};
		4F8935F42D956D5100E2B811 /* MachmanUITests */ = {
			isa = PBXFileSystemSynchronizedRootGroup;
			path = MachmanUITests;
			sourceTree = "<group>";
		};
/* End PBXFileSystemSynchronizedRootGroup section */

/* Begin PBXFrameworksBuildPhase section */
		4F8935D32D956D5000E2B811 /* Frameworks */ = {
			isa = PBXFrameworksBuildPhase;
			buildActionMask = 2147483647;
			files = (
				4F8936062D956DA600E2B811 /* Virtualization.framework in Frameworks */,
			);
			runOnlyForDeploymentPostprocessing = 0;
		};
		4F8935E42D956D5100E2B811 /* Frameworks */ = {
			isa = PBXFrameworksBuildPhase;
			buildActionMask = 2147483647;
			files = (
			);
			runOnlyForDeploymentPostprocessing = 0;
		};
		4F8935EE2D956D5100E2B811 /* Frameworks */ = {
			isa = PBXFrameworksBuildPhase;
			buildActionMask = 2147483647;
			files = (
			);
			runOnlyForDeploymentPostprocessing = 0;
		};
/* End PBXFrameworksBuildPhase section */

/* Begin PBXGroup section */
		4F8935CD2D956D5000E2B811 = {
			isa = PBXGroup;
			children = (
				4F8935D82D956D5000E2B811 /* Machman */,
				4F8935EA2D956D5100E2B811 /* MachmanTests */,
				4F8935F42D956D5100E2B811 /* MachmanUITests */,
				4F8936042D956DA600E2B811 /* Frameworks */,
				4F8935D72D956D5000E2B811 /* Products */,
			);
			sourceTree = "<group>";
		};
		4F8935D72D956D5000E2B811 /* Products */ = {
			isa = PBXGroup;
			children = (
				4F8935D62D956D5000E2B811 /* Machman.app */,
				4F8935E72D956D5100E2B811 /* MachmanTests.xctest */,
				4F8935F12D956D5100E2B811 /* MachmanUITests.xctest */,
			);
			name = Products;
			sourceTree = "<group>";
		};
		4F8936042D956DA600E2B811 /* Frameworks */ = {
			isa = PBXGroup;
			children = (
				4F8936052D956DA600E2B811 /* Virtualization.framework */,
			);
			name = Frameworks;
			sourceTree = "<group>";
		};
/* End PBXGroup section */

/* Begin PBXNativeTarget section */
		4F8935D52D956D5000E2B811 /* Machman */ = {
			isa = PBXNativeTarget;
			buildConfigurationList = 4F8935FB2D956D5100E2B811 /* Build configuration list for PBXNativeTarget "Machman" */;
			buildPhases = (
				4F8935D22D956D5000E2B811 /* Sources */,
				4F8935D32D956D5000E2B811 /* Frameworks */,
				4F8935D42D956D5000E2B811 /* Resources */,
			);
			buildRules = (
			);
			dependencies = (
			);
			fileSystemSynchronizedGroups = (
				4F8935D82D956D5000E2B811 /* Machman */,
			);
			name = Machman;
			packageProductDependencies = (
			);
			productName = Machman;
			productReference = 4F8935D62D956D5000E2B811 /* Machman.app */;
			productType = "com.apple.product-type.application";
		};
		4F8935E62D956D5100E2B811 /* MachmanTests */ = {
			isa = PBXNativeTarget;
			buildConfigurationList = 4F8935FE2D956D5100E2B811 /* Build configuration list for PBXNativeTarget "MachmanTests" */;
			buildPhases = (
				4F8935E32D956D5100E2B811 /* Sources */,
				4F8935E42D956D5100E2B811 /* Frameworks */,
				4F8935E52D956D5100E2B811 /* Resources */,
			);
			buildRules = (
			);
			dependencies = (
				4F8935E92D956D5100E2B811 /* PBXTargetDependency */,
			);
			fileSystemSynchronizedGroups = (
				4F8935EA2D956D5100E2B811 /* MachmanTests */,
			);
			name = MachmanTests;
			packageProductDependencies = (
			);
			productName = MachmanTests;
			productReference = 4F8935E72D956D5100E2B811 /* MachmanTests.xctest */;
			productType = "com.apple.product-type.bundle.unit-test";
		};
		4F8935F02D956D5100E2B811 /* MachmanUITests */ = {
			isa = PBXNativeTarget;
			buildConfigurationList = 4F8936012D956D5100E2B811 /* Build configuration list for PBXNativeTarget "MachmanUITests" */;
			buildPhases = (
				4F8935ED2D956D5100E2B811 /* Sources */,
				4F8935EE2D956D5100E2B811 /* Frameworks */,
				4F8935EF2D956D5100E2B811 /* Resources */,
			);
			buildRules = (
			);
			dependencies = (
				4F8935F32D956D5100E2B811 /* PBXTargetDependency */,
			);
			fileSystemSynchronizedGroups = (
				4F8935F42D956D5100E2B811 /* MachmanUITests */,
			);
			name = MachmanUITests;
			packageProductDependencies = (
			);
			productName = MachmanUITests;
			productReference = 4F8935F12D956D5100E2B811 /* MachmanUITests.xctest */;
			productType = "com.apple.product-type.bundle.ui-testing";
		};
/* End PBXNativeTarget section */

/* Begin PBXProject section */
		4F8935CE2D956D5000E2B811 /* Project object */ = {
			isa = PBXProject;
			attributes = {
				BuildIndependentTargetsInParallel = 1;
				LastSwiftUpdateCheck = 1620;
				LastUpgradeCheck = 1620;
				TargetAttributes = {
					4F8935D52D956D5000E2B811 = {
						CreatedOnToolsVersion = 16.2;
					};
					4F8935E62D956D5100E2B811 = {
						CreatedOnToolsVersion = 16.2;
						TestTargetID = 4F8935D52D956D5000E2B811;
					};
					4F8935F02D956D5100E2B811 = {
						CreatedOnToolsVersion = 16.2;
						TestTargetID = 4F8935D52D956D5000E2B811;
					};
				};
			};
			buildConfigurationList = 4F8935D12D956D5000E2B811 /* Build configuration list for PBXProject "Machman" */;
			developmentRegion = en;
			hasScannedForEncodings = 0;
			knownRegions = (
				en,
				Base,
			);
			mainGroup = 4F8935CD2D956D5000E2B811;
			minimizedProjectReferenceProxies = 1;
			preferredProjectObjectVersion = 77;
			productRefGroup = 4F8935D72D956D5000E2B811 /* Products */;
			projectDirPath = "";
			projectRoot = "";
			targets = (
				4F8935D52D956D5000E2B811 /* Machman */,
				4F8935E62D956D5100E2B811 /* MachmanTests */,
				4F8935F02D956D5100E2B811 /* MachmanUITests */,
			);
		};
/* End PBXProject section */

/* Begin PBXResourcesBuildPhase section */
		4F8935D42D956D5000E2B811 /* Resources */ = {
			isa = PBXResourcesBuildPhase;
			buildActionMask = 2147483647;
			files = (
			);
			runOnlyForDeploymentPostprocessing = 0;
		};
		4F8935E52D956D5100E2B811 /* Resources */ = {
			isa = PBXResourcesBuildPhase;
			buildActionMask = 2147483647;
			files = (
			);
			runOnlyForDeploymentPostprocessing = 0;
		};
		4F8935EF2D956D5100E2B811 /* Resources */ = {
			isa = PBXResourcesBuildPhase;
			buildActionMask = 2147483647;
			files = (
			);
			runOnlyForDeploymentPostprocessing = 0;
		};
/* End PBXResourcesBuildPhase section */

/* Begin PBXSourcesBuildPhase section */
		4F8935D22D956D5000E2B811 /* Sources */ = {
			isa = PBXSourcesBuildPhase;
			buildActionMask = 2147483647;
			files = (
			);
			runOnlyForDeploymentPostprocessing = 0;
		};
		4F8935E32D956D5100E2B811 /* Sources */ = {
			isa = PBXSourcesBuildPhase;
			buildActionMask = 2147483647;
			files = (
			);
			runOnlyForDeploymentPostprocessing = 0;
		};
		4F8935ED2D956D5100E2B811 /* Sources */ = {
			isa = PBXSourcesBuildPhase;
			buildActionMask = 2147483647;
			files = (
			);
			runOnlyForDeploymentPostprocessing = 0;
		};
/* End PBXSourcesBuildPhase section */

/* Begin PBXTargetDependency section */
		4F8935E92D956D5100E2B811 /* PBXTargetDependency */ = {
			isa = PBXTargetDependency;
			target = 4F8935D52D956D5000E2B811 /* Machman */;
			targetProxy = 4F8935E82D956D5100E2B811 /* PBXContainerItemProxy */;
		};
		4F8935F32D956D5100E2B811 /* PBXTargetDependency */ = {
			isa = PBXTargetDependency;
			target = 4F8935D52D956D5000E2B811 /* Machman */;
			targetProxy = 4F8935F22D956D5100E2B811 /* PBXContainerItemProxy */;
		};
/* End PBXTargetDependency section */

/* Begin XCBuildConfiguration section */
		4F8935F92D956D5100E2B811 /* Debug */ = {
			isa = XCBuildConfiguration;
			buildSettings = {
				ALWAYS_SEARCH_USER_PATHS = NO;
				ASSETCATALOG_COMPILER_GENERATE_SWIFT_ASSET_SYMBOL_EXTENSIONS = YES;
				CLANG_ANALYZER_NONNULL = YES;
				CLANG_ANALYZER_NUMBER_OBJECT_CONVERSION = YES_AGGRESSIVE;
				CLANG_CXX_LANGUAGE_STANDARD = "gnu++20";
				CLANG_ENABLE_MODULES = YES;
				CLANG_ENABLE_OBJC_ARC = YES;
				CLANG_ENABLE_OBJC_WEAK = YES;
				CLANG_WARN_BLOCK_CAPTURE_AUTORELEASING = YES;
				CLANG_WARN_BOOL_CONVERSION = YES;
				CLANG_WARN_COMMA = YES;
				CLANG_WARN_CONSTANT_CONVERSION = YES;
				CLANG_WARN_DEPRECATED_OBJC_IMPLEMENTATIONS = YES;
				CLANG_WARN_DIRECT_OBJC_ISA_USAGE = YES_ERROR;
				CLANG_WARN_DOCUMENTATION_COMMENTS = YES;
				CLANG_WARN_EMPTY_BODY = YES;
				CLANG_WARN_ENUM_CONVERSION = YES;
				CLANG_WARN_INFINITE_RECURSION = YES;
				CLANG_WARN_INT_CONVERSION = YES;
				CLANG_WARN_NON_LITERAL_NULL_CONVERSION = YES;
				CLANG_WARN_OBJC_IMPLICIT_RETAIN_SELF = YES;
				CLANG_WARN_OBJC_LITERAL_CONVERSION = YES;
				CLANG_WARN_OBJC_ROOT_CLASS = YES_ERROR;
				CLANG_WARN_QUOTED_INCLUDE_IN_FRAMEWORK_HEADER = YES;
				CLANG_WARN_RANGE_LOOP_ANALYSIS = YES;
				CLANG_WARN_STRICT_PROTOTYPES = YES;
				CLANG_WARN_SUSPICIOUS_MOVE = YES;
				CLANG_WARN_UNGUARDED_AVAILABILITY = YES_AGGRESSIVE;
				CLANG_WARN_UNREACHABLE_CODE = YES;
				CLANG_WARN__DUPLICATE_METHOD_MATCH = YES;
				COPY_PHASE_STRIP = NO;
				DEBUG_INFORMATION_FORMAT = dwarf;
				ENABLE_STRICT_OBJC_MSGSEND = YES;
				ENABLE_TESTABILITY = YES;
				ENABLE_USER_SCRIPT_SANDBOXING = YES;
				GCC_C_LANGUAGE_STANDARD = gnu17;
				GCC_DYNAMIC_NO_PIC = NO;
				GCC_NO_COMMON_BLOCKS = YES;
				GCC_OPTIMIZATION_LEVEL = 0;
				GCC_PREPROCESSOR_DEFINITIONS = (
					"DEBUG=1",
					"$(inherited)",
				);
				GCC_WARN_64_TO_32_BIT_CONVERSION = YES;
				GCC_WARN_ABOUT_RETURN_TYPE = YES_ERROR;
				GCC_WARN_UNDECLARED_SELECTOR = YES;
				GCC_WARN_UNINITIALIZED_AUTOS = YES_AGGRESSIVE;
				GCC_WARN_UNUSED_FUNCTION = YES;
				GCC_WARN_UNUSED_VARIABLE = YES;
				LOCALIZATION_PREFERS_STRING_CATALOGS = YES;
				MACOSX_DEPLOYMENT_TARGET = 15.2;
				MTL_ENABLE_DEBUG_INFO = INCLUDE_SOURCE;
				MTL_FAST_MATH = YES;
				ONLY_ACTIVE_ARCH = YES;
				SDKROOT = macosx;
				SWIFT_ACTIVE_COMPILATION_CONDITIONS = "DEBUG $(inherited)";
				SWIFT_OPTIMIZATION_LEVEL = "-Onone";
			};
			name = Debug;
		};
		4F8935FA2D956D5100E2B811 /* Release */ = {
			isa = XCBuildConfiguration;
			buildSettings = {
				ALWAYS_SEARCH_USER_PATHS = NO;
				ASSETCATALOG_COMPILER_GENERATE_SWIFT_ASSET_SYMBOL_EXTENSIONS = YES;
				CLANG_ANALYZER_NONNULL = YES;
				CLANG_ANALYZER_NUMBER_OBJECT_CONVERSION = YES_AGGRESSIVE;
				CLANG_CXX_LANGUAGE_STANDARD = "gnu++20";
				CLANG_ENABLE_MODULES = YES;
				CLANG_ENABLE_OBJC_ARC = YES;
				CLANG_ENABLE_OBJC_WEAK = YES;
				CLANG_WARN_BLOCK_CAPTURE_AUTORELEASING = YES;
				CLANG_WARN_BOOL_CONVERSION = YES;
				CLANG_WARN_COMMA = YES;
				CLANG_WARN_CONSTANT_CONVERSION = YES;
				CLANG_WARN_DEPRECATED_OBJC_IMPLEMENTATIONS = YES;
				CLANG_WARN_DIRECT_OBJC_ISA_USAGE = YES_ERROR;
				CLANG_WARN_DOCUMENTATION_COMMENTS = YES;
				CLANG_WARN_EMPTY_BODY = YES;
				CLANG_WARN_ENUM_CONVERSION = YES;
				CLANG_WARN_INFINITE_RECURSION = YES;
				CLANG_WARN_INT_CONVERSION = YES;
				CLANG_WARN_NON_LITERAL_NULL_CONVERSION = YES;
				CLANG_WARN_OBJC_IMPLICIT_RETAIN_SELF = YES;
				CLANG_WARN_OBJC_LITERAL_CONVERSION = YES;
				CLANG_WARN_OBJC_ROOT_CLASS = YES_ERROR;
				CLANG_WARN_QUOTED_INCLUDE_IN_FRAMEWORK_HEADER = YES;
				CLANG_WARN_RANGE_LOOP_ANALYSIS = YES;
				CLANG_WARN_STRICT_PROTOTYPES = YES;
				CLANG_WARN_SUSPICIOUS_MOVE = YES;
				CLANG_WARN_UNGUARDED_AVAILABILITY = YES_AGGRESSIVE;
				CLANG_WARN_UNREACHABLE_CODE = YES;
				CLANG_WARN__DUPLICATE_METHOD_MATCH = YES;
				COPY_PHASE_STRIP = NO;
				DEBUG_INFORMATION_FORMAT = "dwarf-with-dsym";
				ENABLE_NS_ASSERTIONS = NO;
				ENABLE_STRICT_OBJC_MSGSEND = YES;
				ENABLE_USER_SCRIPT_SANDBOXING = YES;
				GCC_C_LANGUAGE_STANDARD = gnu17;
				GCC_NO_COMMON_BLOCKS = YES;
				GCC_WARN_64_TO_32_BIT_CONVERSION = YES;
				GCC_WARN_ABOUT_RETURN_TYPE = YES_ERROR;
				GCC_WARN_UNDECLARED_SELECTOR = YES;
				GCC_WARN_UNINITIALIZED_AUTOS = YES_AGGRESSIVE;
				GCC_WARN_UNUSED_FUNCTION = YES;
				GCC_WARN_UNUSED_VARIABLE = YES;
				LOCALIZATION_PREFERS_STRING_CATALOGS = YES;
				MACOSX_DEPLOYMENT_TARGET = 15.2;
				MTL_ENABLE_DEBUG_INFO = NO;
				MTL_FAST_MATH = YES;
				SDKROOT = macosx;
				SWIFT_COMPILATION_MODE = wholemodule;
			};
			name = Release;
		};
		4F8935FC2D956D5100E2B811 /* Debug */ = {
			isa = XCBuildConfiguration;
			buildSettings = {
				ASSETCATALOG_COMPILER_APPICON_NAME = AppIcon;
				ASSETCATALOG_COMPILER_GLOBAL_ACCENT_COLOR_NAME = AccentColor;
				CODE_SIGN_ENTITLEMENTS = Machman/Machman.entitlements;
				CODE_SIGN_IDENTITY = "Apple Development";
				CODE_SIGN_STYLE = Automatic;
				COMBINE_HIDPI_IMAGES = YES;
				CURRENT_PROJECT_VERSION = 1;
				DEVELOPMENT_ASSET_PATHS = "\"Machman/Preview Content\"";
				DEVELOPMENT_TEAM = SCVV5634LZ;
				ENABLE_HARDENED_RUNTIME = NO;
				ENABLE_PREVIEWS = YES;
				GENERATE_INFOPLIST_FILE = YES;
				INFOPLIST_KEY_CFBundleDisplayName = Machman;
				INFOPLIST_KEY_LSApplicationCategoryType = "public.app-category.developer-tools";
				INFOPLIST_KEY_NSHumanReadableCopyright = "";
				LD_RUNPATH_SEARCH_PATHS = (
					"$(inherited)",
					"@executable_path/../Frameworks",
				);
				MARKETING_VERSION = 1.0;
				PRODUCT_BUNDLE_IDENTIFIER = "Gustaf-Franzen.Machman";
				PRODUCT_NAME = "$(TARGET_NAME)";
				PROVISIONING_PROFILE_SPECIFIER = "";
				SWIFT_EMIT_LOC_STRINGS = YES;
				SWIFT_VERSION = 5.0;
			};
			name = Debug;
		};
		4F8935FD2D956D5100E2B811 /* Release */ = {
			isa = XCBuildConfiguration;
			buildSettings = {
				ASSETCATALOG_COMPILER_APPICON_NAME = AppIcon;
				ASSETCATALOG_COMPILER_GLOBAL_ACCENT_COLOR_NAME = AccentColor;
				CODE_SIGN_ENTITLEMENTS = Machman/Machman.entitlements;
				CODE_SIGN_IDENTITY = "Apple Development";
				CODE_SIGN_STYLE = Automatic;
				COMBINE_HIDPI_IMAGES = YES;
				CURRENT_PROJECT_VERSION = 1;
				DEVELOPMENT_ASSET_PATHS = "\"Machman/Preview Content\"";
				DEVELOPMENT_TEAM = SCVV5634LZ;
				ENABLE_HARDENED_RUNTIME = NO;
				ENABLE_PREVIEWS = YES;
				GENERATE_INFOPLIST_FILE = YES;
				INFOPLIST_KEY_CFBundleDisplayName = Machman;
				INFOPLIST_KEY_LSApplicationCategoryType = "public.app-category.developer-tools";
				INFOPLIST_KEY_NSHumanReadableCopyright = "";
				LD_RUNPATH_SEARCH_PATHS = (
					"$(inherited)",
					"@executable_path/../Frameworks",
				);
				MARKETING_VERSION = 1.0;
				PRODUCT_BUNDLE_IDENTIFIER = "Gustaf-Franzen.Machman";
				PRODUCT_NAME = "$(TARGET_NAME)";
				PROVISIONING_PROFILE_SPECIFIER = "";
				SWIFT_EMIT_LOC_STRINGS = YES;
				SWIFT_VERSION = 5.0;
			};
			name = Release;
		};
		4F8935FF2D956D5100E2B811 /* Debug */ = {
			isa = XCBuildConfiguration;
			buildSettings = {
				BUNDLE_LOADER = "$(TEST_HOST)";
				CODE_SIGN_STYLE = Automatic;
				CURRENT_PROJECT_VERSION = 1;
				DEVELOPMENT_TEAM = SCVV5634LZ;
				GENERATE_INFOPLIST_FILE = YES;
				MACOSX_DEPLOYMENT_TARGET = 15.2;
				MARKETING_VERSION = 1.0;
				PRODUCT_BUNDLE_IDENTIFIER = "Gustaf-Franzen.MachmanTests";
				PRODUCT_NAME = "$(TARGET_NAME)";
				SWIFT_EMIT_LOC_STRINGS = NO;
				SWIFT_VERSION = 5.0;
				TEST_HOST = "$(BUILT_PRODUCTS_DIR)/Machman.app/$(BUNDLE_EXECUTABLE_FOLDER_PATH)/Machman";
			};
			name = Debug;
		};
		4F8936002D956D5100E2B811 /* Release */ = {
			isa = XCBuildConfiguration;
			buildSettings = {
				BUNDLE_LOADER = "$(TEST_HOST)";
				CODE_SIGN_STYLE = Automatic;
				CURRENT_PROJECT_VERSION = 1;
				DEVELOPMENT_TEAM = SCVV5634LZ;
				GENERATE_INFOPLIST_FILE = YES;
				MACOSX_DEPLOYMENT_TARGET = 15.2;
				MARKETING_VERSION = 1.0;
				PRODUCT_BUNDLE_IDENTIFIER = "Gustaf-Franzen.MachmanTests";
				PRODUCT_NAME = "$(TARGET_NAME)";
				SWIFT_EMIT_LOC_STRINGS = NO;
				SWIFT_VERSION = 5.0;
				TEST_HOST = "$(BUILT_PRODUCTS_DIR)/Machman.app/$(BUNDLE_EXECUTABLE_FOLDER_PATH)/Machman";
			};
			name = Release;
		};
		4F8936022D956D5100E2B811 /* Debug */ = {
			isa = XCBuildConfiguration;
			buildSettings = {
				CODE_SIGN_STYLE = Automatic;
				CURRENT_PROJECT_VERSION = 1;
				DEVELOPMENT_TEAM = SCVV5634LZ;
				GENERATE_INFOPLIST_FILE = YES;
				MARKETING_VERSION = 1.0;
				PRODUCT_BUNDLE_IDENTIFIER = "Gustaf-Franzen.MachmanUITests";
				PRODUCT_NAME = "$(TARGET_NAME)";
				SWIFT_EMIT_LOC_STRINGS = NO;
				SWIFT_VERSION = 5.0;
				TEST_TARGET_NAME = Machman;
			};
			name = Debug;
		};
		4F8936032D956D5100E2B811 /* Release */ = {
			isa = XCBuildConfiguration;
			buildSettings = {
				CODE_SIGN_STYLE = Automatic;
				CURRENT_PROJECT_VERSION = 1;
				DEVELOPMENT_TEAM = SCVV5634LZ;
				GENERATE_INFOPLIST_FILE = YES;
				MARKETING_VERSION = 1.0;
				PRODUCT_BUNDLE_IDENTIFIER = "Gustaf-Franzen.MachmanUITests";
				PRODUCT_NAME = "$(TARGET_NAME)";
				SWIFT_EMIT_LOC_STRINGS = NO;
				SWIFT_VERSION = 5.0;
				TEST_TARGET_NAME = Machman;
			};
			name = Release;
		};
/* End XCBuildConfiguration section */

/* Begin XCConfigurationList section */
		4F8935D12D956D5000E2B811 /* Build configuration list for PBXProject "Machman" */ = {
			isa = XCConfigurationList;
			buildConfigurations = (
				4F8935F92D956D5100E2B811 /* Debug */,
				4F8935FA2D956D5100E2B811 /* Release */,
			);
			defaultConfigurationIsVisible = 0;
			defaultConfigurationName = Release;
		};
		4F8935FB2D956D5100E2B811 /* Build configuration list for PBXNativeTarget "Machman" */ = {
			isa = XCConfigurationList;
			buildConfigurations = (
				4F8935FC2D956D5100E2B811 /* Debug */,
				4F8935FD2D956D5100E2B811 /* Release */,
			);
			defaultConfigurationIsVisible = 0;
			defaultConfigurationName = Release;
		};
		4F8935FE2D956D5100E2B811 /* Build configuration list for PBXNativeTarget "MachmanTests" */ = {
			isa = XCConfigurationList;
			buildConfigurations = (
				4F8935FF2D956D5100E2B811 /* Debug */,
				4F8936002D956D5100E2B811 /* Release */,
			);
			defaultConfigurationIsVisible = 0;
			defaultConfigurationName = Release;
		};
		4F8936012D956D5100E2B811 /* Build configuration list for PBXNativeTarget "MachmanUITests" */ = {
			isa = XCConfigurationList;
			buildConfigurations = (
				4F8936022D956D5100E2B811 /* Debug */,
				4F8936032D956D5100E2B811 /* Release */,
			);
			defaultConfigurationIsVisible = 0;
			defaultConfigurationName = Release;
		};
/* End XCConfigurationList section */
	};
	rootObject = 4F8935CE2D956D5000E2B811 /* Project object */;
}
